
Microsoft Visual Studio Solution File, Format Version 12.00
# Visual Studio 2015
Project("{FAE04EC0-301F-11D3-BF4B-00C04F79EFBC}") = "NewClient", "NewClient.csproj", "{20560574-2D13-152E-D9D5-453F544289FF}"
EndProject
Project("{FAE04EC0-301F-11D3-BF4B-00C04F79EFBC}") = "NewClient.Editor", "NewClient.Editor.csproj", "{6D0CF6DC-2392-790E-125C-30009957043A}"
EndProject
Global
	GlobalSection(SolutionConfigurationPlatforms) = preSolution
		Debug|Any CPU = Debug|Any CPU
		Release|Any CPU = Release|Any CPU
	EndGlobalSection
	GlobalSection(ProjectConfigurationPlatforms) = postSolution
		{20560574-2D13-152E-D9D5-453F544289FF}.Debug|Any CPU.ActiveCfg = Debug|Any CPU
		{20560574-2D13-152E-D9D5-453F544289FF}.Debug|Any CPU.Build.0 = Debug|Any CPU
		{20560574-2D13-152E-D9D5-453F544289FF}.Release|Any CPU.ActiveCfg = Release|Any CPU
		{20560574-2D13-152E-D9D5-453F544289FF}.Release|Any CPU.Build.0 = Release|Any CPU
		{6D0CF6DC-2392-790E-125C-30009957043A}.Debug|Any CPU.ActiveCfg = Debug|Any CPU
		{6D0CF6DC-2392-790E-125C-30009957043A}.Debug|Any CPU.Build.0 = Debug|Any CPU
		{6D0CF6DC-2392-790E-125C-30009957043A}.Release|Any CPU.ActiveCfg = Release|Any CPU
		{6D0CF6DC-2392-790E-125C-30009957043A}.Release|Any CPU.Build.0 = Release|Any CPU
	EndGlobalSection
	GlobalSection(SolutionProperties) = preSolution
		HideSolutionNode = FALSE
	EndGlobalSection
EndGlobal
